{
  "version": 4,
  "terraform_version": "1.1.2",
  "serial": 44,
  "lineage": "6b3b8340-96a9-bc6f-1bc2-6efbeacec614",
  "outputs": {
    "aks_fqdn": {
      "value": "aks-cluster-51470555.hcp.australiaeast.azmk8s.io",
      "type": "string"
    },
    "aks_id": {
      "value": "/subscriptions/10ffa675-d6fc-466f-a597-6b97ea97b568/resourceGroups/rg_aks_terraform/providers/Microsoft.ContainerService/managedClusters/aks-cluster",
      "type": "string"
    },
    "aks_node_rg": {
      "value": "MC_rg_aks_terraform_aks-cluster_australiaeast",
      "type": "string"
    }
  },
  "resources": [
    {
      "mode": "data",
      "type": "azuread_client_config",
      "name": "current",
      "provider": "provider[\"registry.terraform.io/hashicorp/azuread\"]",
      "instances": [
        {
          "schema_version": 0,
          "attributes": {
            "client_id": "04b07795-8ddb-461a-bbee-02f9e1bf7b46",
            "id": "19624b22-10ad-420f-9dea-54c151bd610c-04b07795-8ddb-461a-bbee-02f9e1bf7b46-7396f7f8-ea26-41f0-94fd-7b4a7612bbd8",
            "object_id": "7396f7f8-ea26-41f0-94fd-7b4a7612bbd8",
            "tenant_id": "19624b22-10ad-420f-9dea-54c151bd610c",
            "timeouts": null
          },
          "sensitive_attributes": []
        }
      ]
    },
    {
      "mode": "data",
      "type": "azuread_service_principal",
      "name": "aks_aad_server",
      "provider": "provider[\"registry.terraform.io/hashicorp/azuread\"]",
      "instances": [
        {
          "schema_version": 0,
          "attributes": {
            "account_enabled": true,
            "alternative_names": [],
            "app_role_assignment_required": false,
            "app_role_ids": {},
            "app_roles": [],
            "application_id": "6dae42f8-4368-4678-94ff-3960e28e3630",
            "application_tenant_id": "f8cdef31-a31e-4b4a-93e4-5f571e91255a",
            "description": "",
            "display_name": "Azure Kubernetes Service AAD Server",
            "feature_tags": [
              {
                "custom_single_sign_on": false,
                "enterprise": false,
                "gallery": false,
                "hide": false
              }
            ],
            "features": [
              {
                "custom_single_sign_on_app": false,
                "enterprise_application": false,
                "gallery_application": false,
                "visible_to_users": true
              }
            ],
            "homepage_url": "",
            "id": "901a9f7b-8670-419b-9efc-1c77e447831a",
            "login_url": "",
            "logout_url": "",
            "notes": "",
            "notification_email_addresses": [],
            "oauth2_permission_scope_ids": {
              "user.read": "34a47c2f-cd0d-47b4-a93c-2c41130c671c"
            },
            "oauth2_permission_scopes": [
              {
                "admin_consent_description": "this allows to read user profile",
                "admin_consent_display_name": "user.read",
                "enabled": true,
                "id": "34a47c2f-cd0d-47b4-a93c-2c41130c671c",
                "type": "User",
                "user_consent_description": "this allows to read user profile",
                "user_consent_display_name": "user.read",
                "value": "user.read"
              }
            ],
            "object_id": "901a9f7b-8670-419b-9efc-1c77e447831a",
            "preferred_single_sign_on_mode": "",
            "redirect_uris": [],
            "saml_metadata_url": "",
            "saml_single_sign_on": [],
            "service_principal_names": [
              "https://aks-aad-server.azure.com"
            ],
            "sign_in_audience": "AzureADMultipleOrgs",
            "tags": [],
            "timeouts": null,
            "type": "Application"
          },
          "sensitive_attributes": []
        }
      ]
    },
    {
      "mode": "data",
      "type": "azurerm_kubernetes_service_versions",
      "name": "current",
      "provider": "provider[\"registry.terraform.io/hashicorp/azurerm\"]",
      "instances": [
        {
          "schema_version": 0,
          "attributes": {
            "id": "/subscriptions/10ffa675-d6fc-466f-a597-6b97ea97b568/providers/Microsoft.ContainerService/locations/australiaeast/orchestrators",
            "include_preview": true,
            "latest_version": "1.24.0",
            "location": "australiaeast",
            "timeouts": null,
            "version_prefix": null,
            "versions": [
              "1.21.7",
              "1.21.9",
              "1.22.4",
              "1.22.6",
              "1.23.3",
              "1.23.5",
              "1.24.0"
            ]
          },
          "sensitive_attributes": []
        }
      ]
    },
    {
      "mode": "data",
      "type": "azurerm_subscription",
      "name": "current",
      "provider": "provider[\"registry.terraform.io/hashicorp/azurerm\"]",
      "instances": [
        {
          "schema_version": 0,
          "attributes": {
            "display_name": "Free Trial",
            "id": "/subscriptions/10ffa675-d6fc-466f-a597-6b97ea97b568",
            "location_placement_id": "PublicAndIndia_2015-09-01",
            "quota_id": "FreeTrial_2014-09-01",
            "spending_limit": "On",
            "state": "Enabled",
            "subscription_id": "10ffa675-d6fc-466f-a597-6b97ea97b568",
            "tags": {},
            "tenant_id": "19624b22-10ad-420f-9dea-54c151bd610c",
            "timeouts": null
          },
          "sensitive_attributes": []
        }
      ]
    },
    {
      "mode": "managed",
      "type": "azuread_application",
      "name": "app",
      "provider": "provider[\"registry.terraform.io/hashicorp/azuread\"]",
      "instances": [
        {
          "schema_version": 1,
          "attributes": {
            "api": [
              {
                "known_client_applications": [],
                "mapped_claims_enabled": false,
                "oauth2_permission_scope": [],
                "requested_access_token_version": 1
              }
            ],
            "app_role": [],
            "app_role_ids": {},
            "application_id": "43197a1e-8f47-4208-94d4-bff6227e8e2c",
            "device_only_auth_enabled": false,
            "disabled_by_microsoft": "\u003cnil\u003e",
            "display_name": "spn-aks-tf-dev",
            "fallback_public_client_enabled": false,
            "feature_tags": [
              {
                "custom_single_sign_on": false,
                "enterprise": false,
                "gallery": false,
                "hide": false
              }
            ],
            "group_membership_claims": [],
            "id": "c8bd10c5-2b3e-4948-9b59-376213244e22",
            "identifier_uris": [],
            "logo_image": "",
            "logo_url": "",
            "marketing_url": "",
            "oauth2_permission_scope_ids": {},
            "oauth2_post_response_required": false,
            "object_id": "c8bd10c5-2b3e-4948-9b59-376213244e22",
            "optional_claims": [
              {
                "access_token": [],
                "id_token": [],
                "saml2_token": []
              }
            ],
            "owners": [],
            "prevent_duplicate_names": false,
            "privacy_statement_url": "",
            "public_client": [
              {
                "redirect_uris": []
              }
            ],
            "publisher_domain": "muraliazlab2outlook.onmicrosoft.com",
            "required_resource_access": [],
            "sign_in_audience": "AzureADMyOrg",
            "single_page_application": [
              {
                "redirect_uris": []
              }
            ],
            "support_url": "",
            "tags": [],
            "template_id": "",
            "terms_of_service_url": "",
            "timeouts": null,
            "web": [
              {
                "homepage_url": "",
                "implicit_grant": [
                  {
                    "access_token_issuance_enabled": false,
                    "id_token_issuance_enabled": false
                  }
                ],
                "logout_url": "",
                "redirect_uris": []
              }
            ]
          },
          "sensitive_attributes": [],
          "private": "eyJlMmJmYjczMC1lY2FhLTExZTYtOGY4OC0zNDM2M2JjN2M0YzAiOnsiY3JlYXRlIjo2MDAwMDAwMDAwMDAsImRlbGV0ZSI6MzAwMDAwMDAwMDAwLCJyZWFkIjozMDAwMDAwMDAwMDAsInVwZGF0ZSI6NjAwMDAwMDAwMDAwfSwic2NoZW1hX3ZlcnNpb24iOiIxIn0="
        }
      ]
    },
    {
      "mode": "managed",
      "type": "azuread_group",
      "name": "aks_admins",
      "provider": "provider[\"registry.terraform.io/hashicorp/azuread\"]",
      "instances": [
        {
          "schema_version": 0,
          "attributes": {
            "assignable_to_role": false,
            "auto_subscribe_new_members": false,
            "behaviors": [],
            "description": "",
            "display_name": "group_aks_tf_admins",
            "dynamic_membership": [],
            "external_senders_allowed": false,
            "hide_from_address_lists": false,
            "hide_from_outlook_clients": false,
            "id": "75800789-51be-4ca9-95f2-c4d3a0c28cb8",
            "mail": "",
            "mail_enabled": false,
            "mail_nickname": "91bfad15-5",
            "members": [
              "7396f7f8-ea26-41f0-94fd-7b4a7612bbd8",
              "d215572d-c3b0-4fb0-97c6-c9d652ad0cf0"
            ],
            "object_id": "75800789-51be-4ca9-95f2-c4d3a0c28cb8",
            "onpremises_domain_name": "",
            "onpremises_netbios_name": "",
            "onpremises_sam_account_name": "",
            "onpremises_security_identifier": "",
            "onpremises_sync_enabled": false,
            "owners": [
              "7396f7f8-ea26-41f0-94fd-7b4a7612bbd8"
            ],
            "preferred_language": "",
            "prevent_duplicate_names": false,
            "provisioning_options": [],
            "proxy_addresses": [],
            "security_enabled": true,
            "theme": "",
            "timeouts": null,
            "types": [],
            "visibility": ""
          },
          "sensitive_attributes": [],
          "private": "eyJlMmJmYjczMC1lY2FhLTExZTYtOGY4OC0zNDM2M2JjN2M0YzAiOnsiY3JlYXRlIjoxMjAwMDAwMDAwMDAwLCJkZWxldGUiOjMwMDAwMDAwMDAwMCwicmVhZCI6MzAwMDAwMDAwMDAwLCJ1cGRhdGUiOjEyMDAwMDAwMDAwMDB9fQ==",
          "dependencies": [
            "azuread_application.app",
            "azuread_service_principal.spn",
            "data.azuread_client_config.current"
          ]
        }
      ]
    },
    {
      "mode": "managed",
      "type": "azuread_service_principal",
      "name": "spn",
      "provider": "provider[\"registry.terraform.io/hashicorp/azuread\"]",
      "instances": [
        {
          "schema_version": 0,
          "attributes": {
            "account_enabled": true,
            "alternative_names": [],
            "app_role_assignment_required": false,
            "app_role_ids": {},
            "app_roles": [],
            "application_id": "43197a1e-8f47-4208-94d4-bff6227e8e2c",
            "application_tenant_id": "19624b22-10ad-420f-9dea-54c151bd610c",
            "description": "",
            "display_name": "spn-aks-tf-dev",
            "feature_tags": [
              {
                "custom_single_sign_on": false,
                "enterprise": false,
                "gallery": false,
                "hide": false
              }
            ],
            "features": [
              {
                "custom_single_sign_on_app": false,
                "enterprise_application": false,
                "gallery_application": false,
                "visible_to_users": true
              }
            ],
            "homepage_url": "",
            "id": "d215572d-c3b0-4fb0-97c6-c9d652ad0cf0",
            "login_url": "",
            "logout_url": "",
            "notes": "",
            "notification_email_addresses": [],
            "oauth2_permission_scope_ids": {},
            "oauth2_permission_scopes": [],
            "object_id": "d215572d-c3b0-4fb0-97c6-c9d652ad0cf0",
            "owners": [],
            "preferred_single_sign_on_mode": "",
            "redirect_uris": [],
            "saml_metadata_url": "",
            "saml_single_sign_on": [
              {
                "relay_state": ""
              }
            ],
            "service_principal_names": [],
            "sign_in_audience": "AzureADMyOrg",
            "tags": [],
            "timeouts": null,
            "type": "Application",
            "use_existing": null
          },
          "sensitive_attributes": [],
          "private": "eyJlMmJmYjczMC1lY2FhLTExZTYtOGY4OC0zNDM2M2JjN2M0YzAiOnsiY3JlYXRlIjo2MDAwMDAwMDAwMDAsImRlbGV0ZSI6MzAwMDAwMDAwMDAwLCJyZWFkIjozMDAwMDAwMDAwMDAsInVwZGF0ZSI6NjAwMDAwMDAwMDAwfX0=",
          "dependencies": [
            "azuread_application.app"
          ]
        }
      ]
    },
    {
      "mode": "managed",
      "type": "azuread_service_principal_password",
      "name": "spn_password",
      "provider": "provider[\"registry.terraform.io/hashicorp/azuread\"]",
      "instances": [
        {
          "schema_version": 1,
          "attributes": {
            "display_name": null,
            "end_date": "2024-06-15T15:38:08Z",
            "end_date_relative": null,
            "id": "d215572d-c3b0-4fb0-97c6-c9d652ad0cf0/password/71f69bfa-9188-499f-824c-532960684bd4",
            "key_id": "71f69bfa-9188-499f-824c-532960684bd4",
            "rotate_when_changed": null,
            "service_principal_id": "d215572d-c3b0-4fb0-97c6-c9d652ad0cf0",
            "start_date": "2022-06-15T15:38:08Z",
            "timeouts": null,
            "value": "NEe8Q~wQPVb~CEzCmOEJ_W_1cEcx05MqClf7IaH~"
          },
          "sensitive_attributes": [],
          "private": "eyJlMmJmYjczMC1lY2FhLTExZTYtOGY4OC0zNDM2M2JjN2M0YzAiOnsiY3JlYXRlIjozMDAwMDAwMDAwMDAsImRlbGV0ZSI6MzAwMDAwMDAwMDAwLCJyZWFkIjozMDAwMDAwMDAwMDAsInVwZGF0ZSI6MzAwMDAwMDAwMDAwfSwic2NoZW1hX3ZlcnNpb24iOiIxIn0=",
          "dependencies": [
            "azuread_application.app",
            "azuread_service_principal.spn"
          ]
        }
      ]
    },
    {
      "mode": "managed",
      "type": "azurerm_kubernetes_cluster",
      "name": "aks",
      "provider": "provider[\"registry.terraform.io/hashicorp/azurerm\"]",
      "instances": [
        {
          "schema_version": 2,
          "attributes": {
            "aci_connector_linux": [],
            "api_server_authorized_ip_ranges": [],
            "auto_scaler_profile": [],
            "automatic_channel_upgrade": "",
            "azure_active_directory_role_based_access_control": [
              {
                "admin_group_object_ids": [
                  "75800789-51be-4ca9-95f2-c4d3a0c28cb8"
                ],
                "azure_rbac_enabled": true,
                "client_app_id": "",
                "managed": true,
                "server_app_id": "",
                "server_app_secret": "",
                "tenant_id": "19624b22-10ad-420f-9dea-54c151bd610c"
              }
            ],
            "azure_policy_enabled": false,
            "default_node_pool": [
              {
                "enable_auto_scaling": false,
                "enable_host_encryption": false,
                "enable_node_public_ip": false,
                "fips_enabled": false,
                "kubelet_config": [],
                "kubelet_disk_type": "OS",
                "linux_os_config": [],
                "max_count": 0,
                "max_pods": 110,
                "min_count": 0,
                "name": "systempool",
                "node_count": 1,
                "node_labels": {},
                "node_public_ip_prefix_id": "",
                "node_taints": [],
                "only_critical_addons_enabled": false,
                "orchestrator_version": "1.23.5",
                "os_disk_size_gb": 128,
                "os_disk_type": "Managed",
                "os_sku": "Ubuntu",
                "pod_subnet_id": "",
                "proximity_placement_group_id": "",
                "tags": {},
                "type": "VirtualMachineScaleSets",
                "ultra_ssd_enabled": false,
                "upgrade_settings": [],
                "vm_size": "Standard_DS2_v2",
                "vnet_subnet_id": "",
                "zones": []
              }
            ],
            "disk_encryption_set_id": "",
            "dns_prefix": "aks-cluster",
            "dns_prefix_private_cluster": "",
            "enable_pod_security_policy": false,
            "fqdn": "aks-cluster-51470555.hcp.australiaeast.azmk8s.io",
            "http_application_routing_enabled": false,
            "http_application_routing_zone_name": "",
            "http_proxy_config": [],
            "id": "/subscriptions/10ffa675-d6fc-466f-a597-6b97ea97b568/resourceGroups/rg_aks_terraform/providers/Microsoft.ContainerService/managedClusters/aks-cluster",
            "identity": [
              {
                "identity_ids": [],
                "principal_id": "edc56c40-7028-4c24-9512-895f36f6252a",
                "tenant_id": "19624b22-10ad-420f-9dea-54c151bd610c",
                "type": "SystemAssigned"
              }
            ],
            "ingress_application_gateway": [],
            "key_vault_secrets_provider": [],
            "kube_admin_config": [],
            "kube_admin_config_raw": "",
            "kube_config": [
              {
                "client_certificate": "",
                "client_key": "",
                "cluster_ca_certificate": "LS0tLS1CRUdJTiBDRVJUSUZJQ0FURS0tLS0tCk1JSUU2VENDQXRHZ0F3SUJBZ0lSQUxrbThlWVl6MFRQeGI3YTJsbXMydDB3RFFZSktvWklodmNOQVFFTEJRQXcKRFRFTE1Ba0dBMVVFQXhNQ1kyRXdJQmNOTWpJd05qRTFNVFV5T1RFNVdoZ1BNakExTWpBMk1UVXhOVE01TVRsYQpNQTB4Q3pBSkJnTlZCQU1UQW1OaE1JSUNJakFOQmdrcWhraUc5dzBCQVFFRkFBT0NBZzhBTUlJQ0NnS0NBZ0VBCndsdHlLelJsUnlqcUtOU2pBNG5DTU5PYnhGN0N0LzNBejAwZXpMeVJJc1l4NHVHbXFIRkxhbXB0M0lqc2tnbW8Kd3BvZFRuK3dCS09sWVZpc1FKOEd5QmZqVmpZblNEck9tV2Zsek5udXh4eEhteTIvOXY0cFl1dGU5YUlGWjF4RAplSG1iKzlFQ0U2YjhHdGtxN0l5clgwZ3diRFptYjRaTVVLSXlSWmc2RzFFTG51V09iNzFxZmxRbytpUkN3SGMwCmVySmorMjV2aFVFZnlFUmJ3czc4U3FiclRzVHhGaHVoeWZTODY1cm90eDIvdW5sY2QwUXhNVVFqOExobVA2MDgKbzBjQzUySmh0anBYYmRZeTAxQ1hGY1Y5OHgrSUF0Yko0ZFlDdUdudm04QlRZK1lCWFlPbnRjeUlXRVZEV3hZZApERnIyTVJWT2ZWanhTZks5TWpwK3BKQnpqNjNkNlFqRXRqbTE1am94QTU0aTNVSTNEbXlmSmFKRmFZSEdudnhECmxiSG1yUlZ2ZFpoeDVjck5SNkhWU2ljSEQ1aXQ2R3RBaEszWFd6TXpwVGp6dkpGam1iQ2hhcGduUkRXVFBGYlMKaWM0bTM1Yk02elRrR0RsNFRVUVFqYkhhdEhLb0llM2lGaTBoS2hoZmNDWWhNc051MlYyeHNTblgwcHdZL3ViTQpPWXpsam1Ib0kvYXc3T2RRRWs0bGU4SmtnVkxSOVF1L1NtdUNwNGxJQnY2aUhSNVRSVE5EbkU4SncyVERpdm9ZCldtZ21UT254QTdEQWFBbm1taEZldExUYmV2RThpdjRpSVZZWm8va01rN2VkekFiWWVmaXJwaUtrSGNpNkJzemoKMVZlL1VSNFFkRDBDa3MwR1VUK1pMQ2t3cVJuZjRLaG5XOHkyb250VnFQRUNBd0VBQWFOQ01FQXdEZ1lEVlIwUApBUUgvQkFRREFnS2tNQThHQTFVZEV3RUIvd1FGTUFNQkFmOHdIUVlEVlIwT0JCWUVGSTZHOEM5V2g4aThCSU4vCm1qMjRldmRpZ1YwbU1BMEdDU3FHU0liM0RRRUJDd1VBQTRJQ0FRQTR4V0JZelg0RDhvZ2swU241Z2FLVVZSdkkKUU02R0poT2prMkM5eUNoMG9maHJneHFtMkpMZThOQngwMVNpbVBBVFp0T0pCZWVvVXhhSnpoMWZxQ2Z2NGR3aApXd3ZWbXV0M0lCZ3ZCd2oxUXN2eDJsOXVGR0hMb3pXblpCTzd5L1FPS3FaV3ROeGNuR0t4NnRkTVU4aGxwR005Cm9ZaHhGMGtGa3hLekpocW5YZFl5SFo1WnBScTRSM3hpM1AyL0ZDOUorZ2ZtbWF1T0dGL0JrNGcwY1oxb1JTSUYKeSs4eUhROFh0bEZUOHZvN0thcVV3WVh3S00zVnhHN0xod21FN1ZqTTg2RHMwRUIzSkRHUStxUG1WandrdUIydgoyNUZsd2t4Z2ovckVBQURxU0FJMGc2ZWNRNnpPODFIY3MyN2xUY01tNno4RWJaQmkreExsZFYxSHE4dzRkS1V1CklWdnZXZzlYbVJnQSswb0VvdiswOU9VRFBHL0RvaHZHaXdmT2FVVFZ3QTdoR01hTVBwUHUrdktxUldQQXlkNVUKYjJEN0tyR2hKSmRVZHBlOVphaUhPOXdTcWVpcmU1MVgwNW9lcTY0WlN6RnVkU0ttTzBwY2dxdEJmRXpNbURQYgpDY1pUKzBISWRKQVVwNGsyOWFsSFBqN2VXcWJ4aS8rekxMcEcvQy9NMFJpak45dHU1OU9ZeFFRYXRHbDhnVGRtCjRBS3NnRDJJWlUyckVJU1puRmRGdUI0R3E2OC9aOGExeWJnaXF0bGNjKzBhT25QOUxBblJtaG1LWTc1a2srQWwKQnJpTWsvZm85NXdST3dLaFlxbkk1TnordFhYSEVUZEJYcUlFaDlaekFucjc3SElYREVBMVppT0N2TWIxSXRDaApUSzcrMHhQdHVsNDR0MWZKZVE9PQotLS0tLUVORCBDRVJUSUZJQ0FURS0tLS0tCg==",
                "host": "https://aks-cluster-51470555.hcp.australiaeast.azmk8s.io:443",
                "password": "",
                "username": "clusterUser_rg_aks_terraform_aks-cluster"
              }
            ],
            "kube_config_raw": "apiVersion: v1\nclusters:\n- cluster:\n    certificate-authority-data: LS0tLS1CRUdJTiBDRVJUSUZJQ0FURS0tLS0tCk1JSUU2VENDQXRHZ0F3SUJBZ0lSQUxrbThlWVl6MFRQeGI3YTJsbXMydDB3RFFZSktvWklodmNOQVFFTEJRQXcKRFRFTE1Ba0dBMVVFQXhNQ1kyRXdJQmNOTWpJd05qRTFNVFV5T1RFNVdoZ1BNakExTWpBMk1UVXhOVE01TVRsYQpNQTB4Q3pBSkJnTlZCQU1UQW1OaE1JSUNJakFOQmdrcWhraUc5dzBCQVFFRkFBT0NBZzhBTUlJQ0NnS0NBZ0VBCndsdHlLelJsUnlqcUtOU2pBNG5DTU5PYnhGN0N0LzNBejAwZXpMeVJJc1l4NHVHbXFIRkxhbXB0M0lqc2tnbW8Kd3BvZFRuK3dCS09sWVZpc1FKOEd5QmZqVmpZblNEck9tV2Zsek5udXh4eEhteTIvOXY0cFl1dGU5YUlGWjF4RAplSG1iKzlFQ0U2YjhHdGtxN0l5clgwZ3diRFptYjRaTVVLSXlSWmc2RzFFTG51V09iNzFxZmxRbytpUkN3SGMwCmVySmorMjV2aFVFZnlFUmJ3czc4U3FiclRzVHhGaHVoeWZTODY1cm90eDIvdW5sY2QwUXhNVVFqOExobVA2MDgKbzBjQzUySmh0anBYYmRZeTAxQ1hGY1Y5OHgrSUF0Yko0ZFlDdUdudm04QlRZK1lCWFlPbnRjeUlXRVZEV3hZZApERnIyTVJWT2ZWanhTZks5TWpwK3BKQnpqNjNkNlFqRXRqbTE1am94QTU0aTNVSTNEbXlmSmFKRmFZSEdudnhECmxiSG1yUlZ2ZFpoeDVjck5SNkhWU2ljSEQ1aXQ2R3RBaEszWFd6TXpwVGp6dkpGam1iQ2hhcGduUkRXVFBGYlMKaWM0bTM1Yk02elRrR0RsNFRVUVFqYkhhdEhLb0llM2lGaTBoS2hoZmNDWWhNc051MlYyeHNTblgwcHdZL3ViTQpPWXpsam1Ib0kvYXc3T2RRRWs0bGU4SmtnVkxSOVF1L1NtdUNwNGxJQnY2aUhSNVRSVE5EbkU4SncyVERpdm9ZCldtZ21UT254QTdEQWFBbm1taEZldExUYmV2RThpdjRpSVZZWm8va01rN2VkekFiWWVmaXJwaUtrSGNpNkJzemoKMVZlL1VSNFFkRDBDa3MwR1VUK1pMQ2t3cVJuZjRLaG5XOHkyb250VnFQRUNBd0VBQWFOQ01FQXdEZ1lEVlIwUApBUUgvQkFRREFnS2tNQThHQTFVZEV3RUIvd1FGTUFNQkFmOHdIUVlEVlIwT0JCWUVGSTZHOEM5V2g4aThCSU4vCm1qMjRldmRpZ1YwbU1BMEdDU3FHU0liM0RRRUJDd1VBQTRJQ0FRQTR4V0JZelg0RDhvZ2swU241Z2FLVVZSdkkKUU02R0poT2prMkM5eUNoMG9maHJneHFtMkpMZThOQngwMVNpbVBBVFp0T0pCZWVvVXhhSnpoMWZxQ2Z2NGR3aApXd3ZWbXV0M0lCZ3ZCd2oxUXN2eDJsOXVGR0hMb3pXblpCTzd5L1FPS3FaV3ROeGNuR0t4NnRkTVU4aGxwR005Cm9ZaHhGMGtGa3hLekpocW5YZFl5SFo1WnBScTRSM3hpM1AyL0ZDOUorZ2ZtbWF1T0dGL0JrNGcwY1oxb1JTSUYKeSs4eUhROFh0bEZUOHZvN0thcVV3WVh3S00zVnhHN0xod21FN1ZqTTg2RHMwRUIzSkRHUStxUG1WandrdUIydgoyNUZsd2t4Z2ovckVBQURxU0FJMGc2ZWNRNnpPODFIY3MyN2xUY01tNno4RWJaQmkreExsZFYxSHE4dzRkS1V1CklWdnZXZzlYbVJnQSswb0VvdiswOU9VRFBHL0RvaHZHaXdmT2FVVFZ3QTdoR01hTVBwUHUrdktxUldQQXlkNVUKYjJEN0tyR2hKSmRVZHBlOVphaUhPOXdTcWVpcmU1MVgwNW9lcTY0WlN6RnVkU0ttTzBwY2dxdEJmRXpNbURQYgpDY1pUKzBISWRKQVVwNGsyOWFsSFBqN2VXcWJ4aS8rekxMcEcvQy9NMFJpak45dHU1OU9ZeFFRYXRHbDhnVGRtCjRBS3NnRDJJWlUyckVJU1puRmRGdUI0R3E2OC9aOGExeWJnaXF0bGNjKzBhT25QOUxBblJtaG1LWTc1a2srQWwKQnJpTWsvZm85NXdST3dLaFlxbkk1TnordFhYSEVUZEJYcUlFaDlaekFucjc3SElYREVBMVppT0N2TWIxSXRDaApUSzcrMHhQdHVsNDR0MWZKZVE9PQotLS0tLUVORCBDRVJUSUZJQ0FURS0tLS0tCg==\n    server: https://aks-cluster-51470555.hcp.australiaeast.azmk8s.io:443\n  name: aks-cluster\ncontexts:\n- context:\n    cluster: aks-cluster\n    user: clusterUser_rg_aks_terraform_aks-cluster\n  name: aks-cluster\ncurrent-context: aks-cluster\nkind: Config\npreferences: {}\nusers:\n- name: clusterUser_rg_aks_terraform_aks-cluster\n  user:\n    auth-provider:\n      config:\n        apiserver-id: 6dae42f8-4368-4678-94ff-3960e28e3630\n        client-id: 80faf920-1908-4b52-b5ef-a8e7bedfc67a\n        config-mode: \"1\"\n        environment: AzurePublicCloud\n        tenant-id: 19624b22-10ad-420f-9dea-54c151bd610c\n      name: azure\n",
            "kubelet_identity": [
              {
                "client_id": "ff274650-1f41-4e7e-987e-0147cf28230c",
                "object_id": "5c901de1-22b4-4f62-971b-b29c1fe754bf",
                "user_assigned_identity_id": "/subscriptions/10ffa675-d6fc-466f-a597-6b97ea97b568/resourceGroups/MC_rg_aks_terraform_aks-cluster_australiaeast/providers/Microsoft.ManagedIdentity/userAssignedIdentities/aks-cluster-agentpool"
              }
            ],
            "kubernetes_version": "1.23.5",
            "linux_profile": [],
            "local_account_disabled": true,
            "location": "australiaeast",
            "maintenance_window": [],
            "microsoft_defender": [],
            "name": "aks-cluster",
            "network_profile": [
              {
                "dns_service_ip": "10.0.0.10",
                "docker_bridge_cidr": "172.17.0.1/16",
                "ip_versions": [
                  "IPv4"
                ],
                "load_balancer_profile": [
                  {
                    "effective_outbound_ips": [
                      "/subscriptions/10ffa675-d6fc-466f-a597-6b97ea97b568/resourceGroups/MC_rg_aks_terraform_aks-cluster_australiaeast/providers/Microsoft.Network/publicIPAddresses/f479671f-49f3-4b67-b346-77c26d5456fd"
                    ],
                    "idle_timeout_in_minutes": 0,
                    "managed_outbound_ip_count": 1,
                    "outbound_ip_address_ids": [],
                    "outbound_ip_prefix_ids": [],
                    "outbound_ports_allocated": 0
                  }
                ],
                "load_balancer_sku": "standard",
                "nat_gateway_profile": [],
                "network_mode": "",
                "network_plugin": "kubenet",
                "network_policy": "",
                "outbound_type": "loadBalancer",
                "pod_cidr": "10.244.0.0/16",
                "service_cidr": "10.0.0.0/16"
              }
            ],
            "node_resource_group": "MC_rg_aks_terraform_aks-cluster_australiaeast",
            "oidc_issuer_enabled": false,
            "oidc_issuer_url": "",
            "oms_agent": [],
            "open_service_mesh_enabled": false,
            "portal_fqdn": "aks-cluster-51470555.portal.hcp.australiaeast.azmk8s.io",
            "private_cluster_enabled": false,
            "private_cluster_public_fqdn_enabled": false,
            "private_dns_zone_id": "",
            "private_fqdn": "",
            "public_network_access_enabled": true,
            "resource_group_name": "rg_aks_terraform",
            "role_based_access_control_enabled": true,
            "run_command_enabled": true,
            "service_principal": [],
            "sku_tier": "Free",
            "tags": {},
            "timeouts": null,
            "windows_profile": []
          },
          "sensitive_attributes": [],
          "private": "eyJlMmJmYjczMC1lY2FhLTExZTYtOGY4OC0zNDM2M2JjN2M0YzAiOnsiY3JlYXRlIjo1NDAwMDAwMDAwMDAwLCJkZWxldGUiOjU0MDAwMDAwMDAwMDAsInJlYWQiOjMwMDAwMDAwMDAwMCwidXBkYXRlIjo1NDAwMDAwMDAwMDAwfSwic2NoZW1hX3ZlcnNpb24iOiIyIn0=",
          "dependencies": [
            "azuread_application.app",
            "azuread_group.aks_admins",
            "azuread_service_principal.spn",
            "azurerm_resource_group.rg",
            "data.azuread_client_config.current",
            "data.azurerm_subscription.current"
          ]
        }
      ]
    },
    {
      "mode": "managed",
      "type": "azurerm_resource_group",
      "name": "rg",
      "provider": "provider[\"registry.terraform.io/hashicorp/azurerm\"]",
      "instances": [
        {
          "schema_version": 0,
          "attributes": {
            "id": "/subscriptions/10ffa675-d6fc-466f-a597-6b97ea97b568/resourceGroups/rg_aks_terraform",
            "location": "australiaeast",
            "name": "rg_aks_terraform",
            "tags": {},
            "timeouts": null
          },
          "sensitive_attributes": [],
          "private": "eyJlMmJmYjczMC1lY2FhLTExZTYtOGY4OC0zNDM2M2JjN2M0YzAiOnsiY3JlYXRlIjo1NDAwMDAwMDAwMDAwLCJkZWxldGUiOjU0MDAwMDAwMDAwMDAsInJlYWQiOjMwMDAwMDAwMDAwMCwidXBkYXRlIjo1NDAwMDAwMDAwMDAwfX0="
        }
      ]
    },
    {
      "mode": "managed",
      "type": "kubernetes_service_v1",
      "name": "svc",
      "provider": "provider[\"registry.terraform.io/hashicorp/kubernetes\"]",
      "instances": []
    }
  ]
}
