{
  "version": 4,
  "terraform_version": "1.1.2",
  "serial": 5,
  "lineage": "1bc85abc-6837-c5f4-d4bb-84af0ccb0235",
  "outputs": {
    "resource_group_name": {
      "value": "rg-subtle-cattle",
      "type": "string"
    }
  },
  "resources": [
    {
      "mode": "managed",
      "type": "azurerm_resource_group",
      "name": "rg",
      "provider": "provider[\"registry.terraform.io/hashicorp/azurerm\"]",
      "instances": [
        {
          "schema_version": 0,
          "attributes": {
            "id": "/subscriptions/10ffa675-d6fc-466f-a597-6b97ea97b568/resourceGroups/rg-subtle-cattle",
            "location": "eastus",
            "name": "rg-subtle-cattle",
            "tags": {
              "Prjctname": "TerrafromPrj"
            },
            "timeouts": null
          },
          "sensitive_attributes": [],
          "private": "eyJlMmJmYjczMC1lY2FhLTExZTYtOGY4OC0zNDM2M2JjN2M0YzAiOnsiY3JlYXRlIjo1NDAwMDAwMDAwMDAwLCJkZWxldGUiOjU0MDAwMDAwMDAwMDAsInJlYWQiOjMwMDAwMDAwMDAwMCwidXBkYXRlIjo1NDAwMDAwMDAwMDAwfX0=",
          "dependencies": [
            "random_pet.rg-name"
          ]
        }
      ]
    },
    {
      "mode": "managed",
      "type": "random_pet",
      "name": "rg-name",
      "provider": "provider[\"registry.terraform.io/hashicorp/random\"]",
      "instances": [
        {
          "schema_version": 0,
          "attributes": {
            "id": "rg-subtle-cattle",
            "keepers": null,
            "length": 2,
            "prefix": "rg",
            "separator": "-"
          },
          "sensitive_attributes": [],
          "private": "bnVsbA=="
        }
      ]
    }
  ]
}
